// !$*UTF8*$!
{
	archiveVersion = 1;
	classes = {
	};
	objectVersion = 46;
	objects = {

/* Begin PBXBuildFile section */
		182320331C75B4ED0015CEB2 /* UIKit.framework in Frameworks */ = {isa = PBXBuildFile; fileRef = 182320321C75B4ED0015CEB2 /* UIKit.framework */; };
		182320351C75B4ED0015CEB2 /* Foundation.framework in Frameworks */ = {isa = PBXBuildFile; fileRef = 182320341C75B4ED0015CEB2 /* Foundation.framework */; };
		182320371C75B4ED0015CEB2 /* CoreGraphics.framework in Frameworks */ = {isa = PBXBuildFile; fileRef = 182320361C75B4ED0015CEB2 /* CoreGraphics.framework */; };
		1823203D1C75B4ED0015CEB2 /* InfoPlist.strings in Resources */ = {isa = PBXBuildFile; fileRef = 1823203B1C75B4ED0015CEB2 /* InfoPlist.strings */; };
		1823203F1C75B4ED0015CEB2 /* main.m in Sources */ = {isa = PBXBuildFile; fileRef = 1823203E1C75B4ED0015CEB2 /* main.m */; };
		182320431C75B4ED0015CEB2 /* MapKitAppDelegate.m in Sources */ = {isa = PBXBuildFile; fileRef = 182320421C75B4ED0015CEB2 /* MapKitAppDelegate.m */; };
		182320451C75B4ED0015CEB2 /* Default.png in Resources */ = {isa = PBXBuildFile; fileRef = 182320441C75B4ED0015CEB2 /* Default.png */; };
		182320471C75B4ED0015CEB2 /* Default@2x.png in Resources */ = {isa = PBXBuildFile; fileRef = 182320461C75B4ED0015CEB2 /* Default@2x.png */; };
		182320491C75B4ED0015CEB2 /* Default-568h@2x.png in Resources */ = {isa = PBXBuildFile; fileRef = 182320481C75B4ED0015CEB2 /* Default-568h@2x.png */; };
		1823204C1C75B4ED0015CEB2 /* MainStoryboard.storyboard in Resources */ = {isa = PBXBuildFile; fileRef = 1823204A1C75B4ED0015CEB2 /* MainStoryboard.storyboard */; };
		1823204F1C75B4ED0015CEB2 /* MapKitViewController.m in Sources */ = {isa = PBXBuildFile; fileRef = 1823204E1C75B4ED0015CEB2 /* MapKitViewController.m */; };
		182320561C75B6220015CEB2 /* MapKit.framework in Frameworks */ = {isa = PBXBuildFile; fileRef = 182320551C75B6220015CEB2 /* MapKit.framework */; };
		182320581C75B62C0015CEB2 /* CoreLocation.framework in Frameworks */ = {isa = PBXBuildFile; fileRef = 182320571C75B62C0015CEB2 /* CoreLocation.framework */; };
		185FFCCA1C7B10CA00AA76A9 /* readme.txt in Resources */ = {isa = PBXBuildFile; fileRef = 185FFCC91C7B10CA00AA76A9 /* readme.txt */; };
		189E5EEE1C816FBA00C56287 /* AddressBook.framework in Frameworks */ = {isa = PBXBuildFile; fileRef = 189E5EED1C816FBA00C56287 /* AddressBook.framework */; };
/* End PBXBuildFile section */

/* Begin PBXFileReference section */
		1823202F1C75B4ED0015CEB2 /* MapKit.app */ = {isa = PBXFileReference; explicitFileType = wrapper.application; includeInIndex = 0; path = MapKit.app; sourceTree = BUILT_PRODUCTS_DIR; };
		182320321C75B4ED0015CEB2 /* UIKit.framework */ = {isa = PBXFileReference; lastKnownFileType = wrapper.framework; name = UIKit.framework; path = System/Library/Frameworks/UIKit.framework; sourceTree = SDKROOT; };
		182320341C75B4ED0015CEB2 /* Foundation.framework */ = {isa = PBXFileReference; lastKnownFileType = wrapper.framework; name = Foundation.framework; path = System/Library/Frameworks/Foundation.framework; sourceTree = SDKROOT; };
		182320361C75B4ED0015CEB2 /* CoreGraphics.framework */ = {isa = PBXFileReference; lastKnownFileType = wrapper.framework; name = CoreGraphics.framework; path = System/Library/Frameworks/CoreGraphics.framework; sourceTree = SDKROOT; };
		1823203A1C75B4ED0015CEB2 /* MapKit-Info.plist */ = {isa = PBXFileReference; lastKnownFileType = text.plist.xml; path = "MapKit-Info.plist"; sourceTree = "<group>"; };
		1823203C1C75B4ED0015CEB2 /* en */ = {isa = PBXFileReference; lastKnownFileType = text.plist.strings; name = en; path = en.lproj/InfoPlist.strings; sourceTree = "<group>"; };
		1823203E1C75B4ED0015CEB2 /* main.m */ = {isa = PBXFileReference; lastKnownFileType = sourcecode.c.objc; path = main.m; sourceTree = "<group>"; };
		182320401C75B4ED0015CEB2 /* MapKit-Prefix.pch */ = {isa = PBXFileReference; lastKnownFileType = sourcecode.c.h; path = "MapKit-Prefix.pch"; sourceTree = "<group>"; };
		182320411C75B4ED0015CEB2 /* MapKitAppDelegate.h */ = {isa = PBXFileReference; lastKnownFileType = sourcecode.c.h; path = MapKitAppDelegate.h; sourceTree = "<group>"; };
		182320421C75B4ED0015CEB2 /* MapKitAppDelegate.m */ = {isa = PBXFileReference; lastKnownFileType = sourcecode.c.objc; path = MapKitAppDelegate.m; sourceTree = "<group>"; };
		182320441C75B4ED0015CEB2 /* Default.png */ = {isa = PBXFileReference; lastKnownFileType = image.png; path = Default.png; sourceTree = "<group>"; };
		182320461C75B4ED0015CEB2 /* Default@2x.png */ = {isa = PBXFileReference; lastKnownFileType = image.png; path = "Default@2x.png"; sourceTree = "<group>"; };
		182320481C75B4ED0015CEB2 /* Default-568h@2x.png */ = {isa = PBXFileReference; lastKnownFileType = image.png; path = "Default-568h@2x.png"; sourceTree = "<group>"; };
		1823204B1C75B4ED0015CEB2 /* en */ = {isa = PBXFileReference; lastKnownFileType = file.storyboard; name = en; path = en.lproj/MainStoryboard.storyboard; sourceTree = "<group>"; };
		1823204D1C75B4ED0015CEB2 /* MapKitViewController.h */ = {isa = PBXFileReference; lastKnownFileType = sourcecode.c.h; path = MapKitViewController.h; sourceTree = "<group>"; };
		1823204E1C75B4ED0015CEB2 /* MapKitViewController.m */ = {isa = PBXFileReference; lastKnownFileType = sourcecode.c.objc; path = MapKitViewController.m; sourceTree = "<group>"; };
		182320551C75B6220015CEB2 /* MapKit.framework */ = {isa = PBXFileReference; lastKnownFileType = wrapper.framework; name = MapKit.framework; path = System/Library/Frameworks/MapKit.framework; sourceTree = SDKROOT; };
		182320571C75B62C0015CEB2 /* CoreLocation.framework */ = {isa = PBXFileReference; lastKnownFileType = wrapper.framework; name = CoreLocation.framework; path = System/Library/Frameworks/CoreLocation.framework; sourceTree = SDKROOT; };
		185FFCC91C7B10CA00AA76A9 /* readme.txt */ = {isa = PBXFileReference; fileEncoding = 4; lastKnownFileType = text; path = readme.txt; sourceTree = "<group>"; };
		189E5EED1C816FBA00C56287 /* AddressBook.framework */ = {isa = PBXFileReference; lastKnownFileType = wrapper.framework; name = AddressBook.framework; path = System/Library/Frameworks/AddressBook.framework; sourceTree = SDKROOT; };
/* End PBXFileReference section */

/* Begin PBXFrameworksBuildPhase section */
		1823202C1C75B4ED0015CEB2 /* Frameworks */ = {
			isa = PBXFrameworksBuildPhase;
			buildActionMask = 2147483647;
			files = (
				189E5EEE1C816FBA00C56287 /* AddressBook.framework in Frameworks */,
				182320581C75B62C0015CEB2 /* CoreLocation.framework in Frameworks */,
				182320561C75B6220015CEB2 /* MapKit.framework in Frameworks */,
				182320331C75B4ED0015CEB2 /* UIKit.framework in Frameworks */,
				182320351C75B4ED0015CEB2 /* Foundation.framework in Frameworks */,
				182320371C75B4ED0015CEB2 /* CoreGraphics.framework in Frameworks */,
			);
			runOnlyForDeploymentPostprocessing = 0;
		};
/* End PBXFrameworksBuildPhase section */

/* Begin PBXGroup section */
		182320261C75B4ED0015CEB2 = {
			isa = PBXGroup;
			children = (
				185FFCC91C7B10CA00AA76A9 /* readme.txt */,
				182320381C75B4ED0015CEB2 /* MapKit */,
				182320311C75B4ED0015CEB2 /* Frameworks */,
				182320301C75B4ED0015CEB2 /* Products */,
			);
			sourceTree = "<group>";
		};
		182320301C75B4ED0015CEB2 /* Products */ = {
			isa = PBXGroup;
			children = (
				1823202F1C75B4ED0015CEB2 /* MapKit.app */,
			);
			name = Products;
			sourceTree = "<group>";
		};
		182320311C75B4ED0015CEB2 /* Frameworks */ = {
			isa = PBXGroup;
			children = (
				189E5EED1C816FBA00C56287 /* AddressBook.framework */,
				182320571C75B62C0015CEB2 /* CoreLocation.framework */,
				182320551C75B6220015CEB2 /* MapKit.framework */,
				182320321C75B4ED0015CEB2 /* UIKit.framework */,
				182320341C75B4ED0015CEB2 /* Foundation.framework */,
				182320361C75B4ED0015CEB2 /* CoreGraphics.framework */,
			);
			name = Frameworks;
			sourceTree = "<group>";
		};
		182320381C75B4ED0015CEB2 /* MapKit */ = {
			isa = PBXGroup;
			children = (
				182320411C75B4ED0015CEB2 /* MapKitAppDelegate.h */,
				182320421C75B4ED0015CEB2 /* MapKitAppDelegate.m */,
				1823204A1C75B4ED0015CEB2 /* MainStoryboard.storyboard */,
				1823204D1C75B4ED0015CEB2 /* MapKitViewController.h */,
				1823204E1C75B4ED0015CEB2 /* MapKitViewController.m */,
				182320391C75B4ED0015CEB2 /* Supporting Files */,
			);
			path = MapKit;
			sourceTree = "<group>";
		};
		182320391C75B4ED0015CEB2 /* Supporting Files */ = {
			isa = PBXGroup;
			children = (
				1823203A1C75B4ED0015CEB2 /* MapKit-Info.plist */,
				1823203B1C75B4ED0015CEB2 /* InfoPlist.strings */,
				1823203E1C75B4ED0015CEB2 /* main.m */,
				182320401C75B4ED0015CEB2 /* MapKit-Prefix.pch */,
				182320441C75B4ED0015CEB2 /* Default.png */,
				182320461C75B4ED0015CEB2 /* Default@2x.png */,
				182320481C75B4ED0015CEB2 /* Default-568h@2x.png */,
			);
			name = "Supporting Files";
			sourceTree = "<group>";
		};
/* End PBXGroup section */

/* Begin PBXNativeTarget section */
		1823202E1C75B4ED0015CEB2 /* MapKit */ = {
			isa = PBXNativeTarget;
			buildConfigurationList = 182320521C75B4ED0015CEB2 /* Build configuration list for PBXNativeTarget "MapKit" */;
			buildPhases = (
				1823202B1C75B4ED0015CEB2 /* Sources */,
				1823202C1C75B4ED0015CEB2 /* Frameworks */,
				1823202D1C75B4ED0015CEB2 /* Resources */,
			);
			buildRules = (
			);
			dependencies = (
			);
			name = MapKit;
			productName = MapKit;
			productReference = 1823202F1C75B4ED0015CEB2 /* MapKit.app */;
			productType = "com.apple.product-type.application";
		};
/* End PBXNativeTarget section */

/* Begin PBXProject section */
		182320271C75B4ED0015CEB2 /* Project object */ = {
			isa = PBXProject;
			attributes = {
				CLASSPREFIX = MapKit;
				LastUpgradeCheck = 0460;
				ORGANIZATIONNAME = TOANACHAU;
			};
			buildConfigurationList = 1823202A1C75B4ED0015CEB2 /* Build configuration list for PBXProject "MapKit" */;
			compatibilityVersion = "Xcode 3.2";
			developmentRegion = English;
			hasScannedForEncodings = 0;
			knownRegions = (
				en,
			);
			mainGroup = 182320261C75B4ED0015CEB2;
			productRefGroup = 182320301C75B4ED0015CEB2 /* Products */;
			projectDirPath = "";
			projectRoot = "";
			targets = (
				1823202E1C75B4ED0015CEB2 /* MapKit */,
			);
		};
/* End PBXProject section */

/* Begin PBXResourcesBuildPhase section */
		1823202D1C75B4ED0015CEB2 /* Resources */ = {
			isa = PBXResourcesBuildPhase;
			buildActionMask = 2147483647;
			files = (
				1823203D1C75B4ED0015CEB2 /* InfoPlist.strings in Resources */,
				182320451C75B4ED0015CEB2 /* Default.png in Resources */,
				182320471C75B4ED0015CEB2 /* Default@2x.png in Resources */,
				182320491C75B4ED0015CEB2 /* Default-568h@2x.png in Resources */,
				1823204C1C75B4ED0015CEB2 /* MainStoryboard.storyboard in Resources */,
				185FFCCA1C7B10CA00AA76A9 /* readme.txt in Resources */,
			);
			runOnlyForDeploymentPostprocessing = 0;
		};
/* End PBXResourcesBuildPhase section */

/* Begin PBXSourcesBuildPhase section */
		1823202B1C75B4ED0015CEB2 /* Sources */ = {
			isa = PBXSourcesBuildPhase;
			buildActionMask = 2147483647;
			files = (
				1823203F1C75B4ED0015CEB2 /* main.m in Sources */,
				182320431C75B4ED0015CEB2 /* MapKitAppDelegate.m in Sources */,
				1823204F1C75B4ED0015CEB2 /* MapKitViewController.m in Sources */,
			);
			runOnlyForDeploymentPostprocessing = 0;
		};
/* End PBXSourcesBuildPhase section */

/* Begin PBXVariantGroup section */
		1823203B1C75B4ED0015CEB2 /* InfoPlist.strings */ = {
			isa = PBXVariantGroup;
			children = (
				1823203C1C75B4ED0015CEB2 /* en */,
			);
			name = InfoPlist.strings;
			sourceTree = "<group>";
		};
		1823204A1C75B4ED0015CEB2 /* MainStoryboard.storyboard */ = {
			isa = PBXVariantGroup;
			children = (
				1823204B1C75B4ED0015CEB2 /* en */,
			);
			name = MainStoryboard.storyboard;
			sourceTree = "<group>";
		};
/* End PBXVariantGroup section */

/* Begin XCBuildConfiguration section */
		182320501C75B4ED0015CEB2 /* Debug */ = {
			isa = XCBuildConfiguration;
			buildSettings = {
				ALWAYS_SEARCH_USER_PATHS = NO;
				CLANG_CXX_LANGUAGE_STANDARD = "gnu++0x";
				CLANG_CXX_LIBRARY = "libc++";
				CLANG_ENABLE_OBJC_ARC = YES;
				CLANG_WARN_CONSTANT_CONVERSION = YES;
				CLANG_WARN_EMPTY_BODY = YES;
				CLANG_WARN_ENUM_CONVERSION = YES;
				CLANG_WARN_INT_CONVERSION = YES;
				CLANG_WARN__DUPLICATE_METHOD_MATCH = YES;
				"CODE_SIGN_IDENTITY[sdk=iphoneos*]" = "iPhone Developer";
				COPY_PHASE_STRIP = NO;
				GCC_C_LANGUAGE_STANDARD = gnu99;
				GCC_DYNAMIC_NO_PIC = NO;
				GCC_OPTIMIZATION_LEVEL = 0;
				GCC_PREPROCESSOR_DEFINITIONS = (
					"DEBUG=1",
					"$(inherited)",
				);
				GCC_SYMBOLS_PRIVATE_EXTERN = NO;
				GCC_WARN_ABOUT_RETURN_TYPE = YES;
				GCC_WARN_UNINITIALIZED_AUTOS = YES;
				GCC_WARN_UNUSED_VARIABLE = YES;
				IPHONEOS_DEPLOYMENT_TARGET = 6.1;
				ONLY_ACTIVE_ARCH = YES;
				SDKROOT = iphoneos;
			};
			name = Debug;
		};
		182320511C75B4ED0015CEB2 /* Release */ = {
			isa = XCBuildConfiguration;
			buildSettings = {
				ALWAYS_SEARCH_USER_PATHS = NO;
				CLANG_CXX_LANGUAGE_STANDARD = "gnu++0x";
				CLANG_CXX_LIBRARY = "libc++";
				CLANG_ENABLE_OBJC_ARC = YES;
				CLANG_WARN_CONSTANT_CONVERSION = YES;
				CLANG_WARN_EMPTY_BODY = YES;
				CLANG_WARN_ENUM_CONVERSION = YES;
				CLANG_WARN_INT_CONVERSION = YES;
				CLANG_WARN__DUPLICATE_METHOD_MATCH = YES;
				"CODE_SIGN_IDENTITY[sdk=iphoneos*]" = "iPhone Developer";
				COPY_PHASE_STRIP = YES;
				GCC_C_LANGUAGE_STANDARD = gnu99;
				GCC_WARN_ABOUT_RETURN_TYPE = YES;
				GCC_WARN_UNINITIALIZED_AUTOS = YES;
				GCC_WARN_UNUSED_VARIABLE = YES;
				IPHONEOS_DEPLOYMENT_TARGET = 6.1;
				OTHER_CFLAGS = "-DNS_BLOCK_ASSERTIONS=1";
				SDKROOT = iphoneos;
				VALIDATE_PRODUCT = YES;
			};
			name = Release;
		};
		182320531C75B4ED0015CEB2 /* Debug */ = {
			isa = XCBuildConfiguration;
			buildSettings = {
				GCC_PRECOMPILE_PREFIX_HEADER = YES;
				GCC_PREFIX_HEADER = "MapKit/MapKit-Prefix.pch";
				INFOPLIST_FILE = "MapKit/MapKit-Info.plist";
				IPHONEOS_DEPLOYMENT_TARGET = 7.1;
				PRODUCT_NAME = "$(TARGET_NAME)";
				WRAPPER_EXTENSION = app;
			};
			name = Debug;
		};
		182320541C75B4ED0015CEB2 /* Release */ = {
			isa = XCBuildConfiguration;
			buildSettings = {
				GCC_PRECOMPILE_PREFIX_HEADER = YES;
				GCC_PREFIX_HEADER = "MapKit/MapKit-Prefix.pch";
				INFOPLIST_FILE = "MapKit/MapKit-Info.plist";
				IPHONEOS_DEPLOYMENT_TARGET = 7.1;
				PRODUCT_NAME = "$(TARGET_NAME)";
				WRAPPER_EXTENSION = app;
			};
			name = Release;
		};
/* End XCBuildConfiguration section */

/* Begin XCConfigurationList section */
		1823202A1C75B4ED0015CEB2 /* Build configuration list for PBXProject "MapKit" */ = {
			isa = XCConfigurationList;
			buildConfigurations = (
				182320501C75B4ED0015CEB2 /* Debug */,
				182320511C75B4ED0015CEB2 /* Release */,
			);
			defaultConfigurationIsVisible = 0;
			defaultConfigurationName = Release;
		};
		182320521C75B4ED0015CEB2 /* Build configuration list for PBXNativeTarget "MapKit" */ = {
			isa = XCConfigurationList;
			buildConfigurations = (
				182320531C75B4ED0015CEB2 /* Debug */,
				182320541C75B4ED0015CEB2 /* Release */,
			);
			defaultConfigurationIsVisible = 0;
			defaultConfigurationName = Release;
		};
/* End XCConfigurationList section */
	};
	rootObject = 182320271C75B4ED0015CEB2 /* Project object */;
}
