// !$*UTF8*$!
{
	archiveVersion = 1;
	classes = {
	};
	objectVersion = 46;
	objects = {

/* Begin PBXBuildFile section */
		186F0FCF1C60B3CF003F4C2A /* MainStoryboard.storyboard in Resources */ = {isa = PBXBuildFile; fileRef = 186F0FCE1C60B3CF003F4C2A /* MainStoryboard.storyboard */; };
		18B32FAB1C610A6B006D088E /* DeviceDetailViewController.m in Sources */ = {isa = PBXBuildFile; fileRef = 18B32FAA1C610A6B006D088E /* DeviceDetailViewController.m */; };
		18D2A0861C6071610017A8B7 /* UIKit.framework in Frameworks */ = {isa = PBXBuildFile; fileRef = 18D2A0851C6071610017A8B7 /* UIKit.framework */; };
		18D2A0881C6071610017A8B7 /* Foundation.framework in Frameworks */ = {isa = PBXBuildFile; fileRef = 18D2A0871C6071610017A8B7 /* Foundation.framework */; };
		18D2A08A1C6071610017A8B7 /* CoreGraphics.framework in Frameworks */ = {isa = PBXBuildFile; fileRef = 18D2A0891C6071610017A8B7 /* CoreGraphics.framework */; };
		18D2A08C1C6071610017A8B7 /* CoreData.framework in Frameworks */ = {isa = PBXBuildFile; fileRef = 18D2A08B1C6071610017A8B7 /* CoreData.framework */; };
		18D2A0921C6071610017A8B7 /* InfoPlist.strings in Resources */ = {isa = PBXBuildFile; fileRef = 18D2A0901C6071610017A8B7 /* InfoPlist.strings */; };
		18D2A0941C6071610017A8B7 /* main.m in Sources */ = {isa = PBXBuildFile; fileRef = 18D2A0931C6071610017A8B7 /* main.m */; };
		18D2A0981C6071610017A8B7 /* CompanyDeviceStoreAppDelegate.m in Sources */ = {isa = PBXBuildFile; fileRef = 18D2A0971C6071610017A8B7 /* CompanyDeviceStoreAppDelegate.m */; };
		18D2A09B1C6071610017A8B7 /* CompanyDeviceStore.xcdatamodeld in Sources */ = {isa = PBXBuildFile; fileRef = 18D2A0991C6071610017A8B7 /* CompanyDeviceStore.xcdatamodeld */; };
		18E36AA71C60DADF0062B00D /* DeviceViewController.m in Sources */ = {isa = PBXBuildFile; fileRef = 18E36AA61C60DADF0062B00D /* DeviceViewController.m */; };
/* End PBXBuildFile section */

/* Begin PBXFileReference section */
		186F0FCE1C60B3CF003F4C2A /* MainStoryboard.storyboard */ = {isa = PBXFileReference; fileEncoding = 4; lastKnownFileType = file.storyboard; path = MainStoryboard.storyboard; sourceTree = "<group>"; };
		18B32FA91C610A6B006D088E /* DeviceDetailViewController.h */ = {isa = PBXFileReference; fileEncoding = 4; lastKnownFileType = sourcecode.c.h; path = DeviceDetailViewController.h; sourceTree = "<group>"; };
		18B32FAA1C610A6B006D088E /* DeviceDetailViewController.m */ = {isa = PBXFileReference; fileEncoding = 4; lastKnownFileType = sourcecode.c.objc; path = DeviceDetailViewController.m; sourceTree = "<group>"; };
		18D2A0811C6071610017A8B7 /* CompanyDeviceStore.app */ = {isa = PBXFileReference; explicitFileType = wrapper.application; includeInIndex = 0; path = CompanyDeviceStore.app; sourceTree = BUILT_PRODUCTS_DIR; };
		18D2A0851C6071610017A8B7 /* UIKit.framework */ = {isa = PBXFileReference; lastKnownFileType = wrapper.framework; name = UIKit.framework; path = System/Library/Frameworks/UIKit.framework; sourceTree = SDKROOT; };
		18D2A0871C6071610017A8B7 /* Foundation.framework */ = {isa = PBXFileReference; lastKnownFileType = wrapper.framework; name = Foundation.framework; path = System/Library/Frameworks/Foundation.framework; sourceTree = SDKROOT; };
		18D2A0891C6071610017A8B7 /* CoreGraphics.framework */ = {isa = PBXFileReference; lastKnownFileType = wrapper.framework; name = CoreGraphics.framework; path = System/Library/Frameworks/CoreGraphics.framework; sourceTree = SDKROOT; };
		18D2A08B1C6071610017A8B7 /* CoreData.framework */ = {isa = PBXFileReference; lastKnownFileType = wrapper.framework; name = CoreData.framework; path = System/Library/Frameworks/CoreData.framework; sourceTree = SDKROOT; };
		18D2A08F1C6071610017A8B7 /* CompanyDeviceStore-Info.plist */ = {isa = PBXFileReference; lastKnownFileType = text.plist.xml; path = "CompanyDeviceStore-Info.plist"; sourceTree = "<group>"; };
		18D2A0911C6071610017A8B7 /* en */ = {isa = PBXFileReference; lastKnownFileType = text.plist.strings; name = en; path = en.lproj/InfoPlist.strings; sourceTree = "<group>"; };
		18D2A0931C6071610017A8B7 /* main.m */ = {isa = PBXFileReference; lastKnownFileType = sourcecode.c.objc; path = main.m; sourceTree = "<group>"; };
		18D2A0951C6071610017A8B7 /* CompanyDeviceStore-Prefix.pch */ = {isa = PBXFileReference; lastKnownFileType = sourcecode.c.h; path = "CompanyDeviceStore-Prefix.pch"; sourceTree = "<group>"; };
		18D2A0961C6071610017A8B7 /* CompanyDeviceStoreAppDelegate.h */ = {isa = PBXFileReference; lastKnownFileType = sourcecode.c.h; path = CompanyDeviceStoreAppDelegate.h; sourceTree = "<group>"; };
		18D2A0971C6071610017A8B7 /* CompanyDeviceStoreAppDelegate.m */ = {isa = PBXFileReference; lastKnownFileType = sourcecode.c.objc; path = CompanyDeviceStoreAppDelegate.m; sourceTree = "<group>"; };
		18D2A09A1C6071610017A8B7 /* CompanyDeviceStore.xcdatamodel */ = {isa = PBXFileReference; lastKnownFileType = wrapper.xcdatamodel; path = CompanyDeviceStore.xcdatamodel; sourceTree = "<group>"; };
		18E36AA51C60DADF0062B00D /* DeviceViewController.h */ = {isa = PBXFileReference; fileEncoding = 4; lastKnownFileType = sourcecode.c.h; path = DeviceViewController.h; sourceTree = "<group>"; };
		18E36AA61C60DADF0062B00D /* DeviceViewController.m */ = {isa = PBXFileReference; fileEncoding = 4; lastKnownFileType = sourcecode.c.objc; path = DeviceViewController.m; sourceTree = "<group>"; };
/* End PBXFileReference section */

/* Begin PBXFrameworksBuildPhase section */
		18D2A07E1C6071610017A8B7 /* Frameworks */ = {
			isa = PBXFrameworksBuildPhase;
			buildActionMask = 2147483647;
			files = (
				18D2A0861C6071610017A8B7 /* UIKit.framework in Frameworks */,
				18D2A0881C6071610017A8B7 /* Foundation.framework in Frameworks */,
				18D2A08A1C6071610017A8B7 /* CoreGraphics.framework in Frameworks */,
				18D2A08C1C6071610017A8B7 /* CoreData.framework in Frameworks */,
			);
			runOnlyForDeploymentPostprocessing = 0;
		};
/* End PBXFrameworksBuildPhase section */

/* Begin PBXGroup section */
		18D2A0761C6071610017A8B7 = {
			isa = PBXGroup;
			children = (
				18D2A08D1C6071610017A8B7 /* CompanyDeviceStore */,
				18D2A0841C6071610017A8B7 /* Frameworks */,
				18D2A0821C6071610017A8B7 /* Products */,
			);
			sourceTree = "<group>";
		};
		18D2A0821C6071610017A8B7 /* Products */ = {
			isa = PBXGroup;
			children = (
				18D2A0811C6071610017A8B7 /* CompanyDeviceStore.app */,
			);
			name = Products;
			sourceTree = "<group>";
		};
		18D2A0841C6071610017A8B7 /* Frameworks */ = {
			isa = PBXGroup;
			children = (
				18D2A0851C6071610017A8B7 /* UIKit.framework */,
				18D2A0871C6071610017A8B7 /* Foundation.framework */,
				18D2A0891C6071610017A8B7 /* CoreGraphics.framework */,
				18D2A08B1C6071610017A8B7 /* CoreData.framework */,
			);
			name = Frameworks;
			sourceTree = "<group>";
		};
		18D2A08D1C6071610017A8B7 /* CompanyDeviceStore */ = {
			isa = PBXGroup;
			children = (
				18D2A0961C6071610017A8B7 /* CompanyDeviceStoreAppDelegate.h */,
				18D2A0971C6071610017A8B7 /* CompanyDeviceStoreAppDelegate.m */,
				18D2A0991C6071610017A8B7 /* CompanyDeviceStore.xcdatamodeld */,
				186F0FCE1C60B3CF003F4C2A /* MainStoryboard.storyboard */,
				18D2A08E1C6071610017A8B7 /* Supporting Files */,
				18E36AA51C60DADF0062B00D /* DeviceViewController.h */,
				18E36AA61C60DADF0062B00D /* DeviceViewController.m */,
				18B32FA91C610A6B006D088E /* DeviceDetailViewController.h */,
				18B32FAA1C610A6B006D088E /* DeviceDetailViewController.m */,
			);
			path = CompanyDeviceStore;
			sourceTree = "<group>";
		};
		18D2A08E1C6071610017A8B7 /* Supporting Files */ = {
			isa = PBXGroup;
			children = (
				18D2A08F1C6071610017A8B7 /* CompanyDeviceStore-Info.plist */,
				18D2A0901C6071610017A8B7 /* InfoPlist.strings */,
				18D2A0931C6071610017A8B7 /* main.m */,
				18D2A0951C6071610017A8B7 /* CompanyDeviceStore-Prefix.pch */,
			);
			name = "Supporting Files";
			sourceTree = "<group>";
		};
/* End PBXGroup section */

/* Begin PBXNativeTarget section */
		18D2A0801C6071610017A8B7 /* CompanyDeviceStore */ = {
			isa = PBXNativeTarget;
			buildConfigurationList = 18D2A09E1C6071610017A8B7 /* Build configuration list for PBXNativeTarget "CompanyDeviceStore" */;
			buildPhases = (
				18D2A07D1C6071610017A8B7 /* Sources */,
				18D2A07E1C6071610017A8B7 /* Frameworks */,
				18D2A07F1C6071610017A8B7 /* Resources */,
			);
			buildRules = (
			);
			dependencies = (
			);
			name = CompanyDeviceStore;
			productName = CompanyDeviceStore;
			productReference = 18D2A0811C6071610017A8B7 /* CompanyDeviceStore.app */;
			productType = "com.apple.product-type.application";
		};
/* End PBXNativeTarget section */

/* Begin PBXProject section */
		18D2A0781C6071610017A8B7 /* Project object */ = {
			isa = PBXProject;
			attributes = {
				CLASSPREFIX = CompanyDeviceStore;
				LastUpgradeCheck = 0440;
				ORGANIZATIONNAME = TOANACHAU;
			};
			buildConfigurationList = 18D2A07B1C6071610017A8B7 /* Build configuration list for PBXProject "CompanyDeviceStore" */;
			compatibilityVersion = "Xcode 3.2";
			developmentRegion = English;
			hasScannedForEncodings = 0;
			knownRegions = (
				en,
			);
			mainGroup = 18D2A0761C6071610017A8B7;
			productRefGroup = 18D2A0821C6071610017A8B7 /* Products */;
			projectDirPath = "";
			projectRoot = "";
			targets = (
				18D2A0801C6071610017A8B7 /* CompanyDeviceStore */,
			);
		};
/* End PBXProject section */

/* Begin PBXResourcesBuildPhase section */
		18D2A07F1C6071610017A8B7 /* Resources */ = {
			isa = PBXResourcesBuildPhase;
			buildActionMask = 2147483647;
			files = (
				18D2A0921C6071610017A8B7 /* InfoPlist.strings in Resources */,
				186F0FCF1C60B3CF003F4C2A /* MainStoryboard.storyboard in Resources */,
			);
			runOnlyForDeploymentPostprocessing = 0;
		};
/* End PBXResourcesBuildPhase section */

/* Begin PBXSourcesBuildPhase section */
		18D2A07D1C6071610017A8B7 /* Sources */ = {
			isa = PBXSourcesBuildPhase;
			buildActionMask = 2147483647;
			files = (
				18D2A0941C6071610017A8B7 /* main.m in Sources */,
				18D2A0981C6071610017A8B7 /* CompanyDeviceStoreAppDelegate.m in Sources */,
				18D2A09B1C6071610017A8B7 /* CompanyDeviceStore.xcdatamodeld in Sources */,
				18E36AA71C60DADF0062B00D /* DeviceViewController.m in Sources */,
				18B32FAB1C610A6B006D088E /* DeviceDetailViewController.m in Sources */,
			);
			runOnlyForDeploymentPostprocessing = 0;
		};
/* End PBXSourcesBuildPhase section */

/* Begin PBXVariantGroup section */
		18D2A0901C6071610017A8B7 /* InfoPlist.strings */ = {
			isa = PBXVariantGroup;
			children = (
				18D2A0911C6071610017A8B7 /* en */,
			);
			name = InfoPlist.strings;
			sourceTree = "<group>";
		};
/* End PBXVariantGroup section */

/* Begin XCBuildConfiguration section */
		18D2A09C1C6071610017A8B7 /* Debug */ = {
			isa = XCBuildConfiguration;
			buildSettings = {
				ALWAYS_SEARCH_USER_PATHS = NO;
				ARCHS = "$(ARCHS_STANDARD_32_BIT)";
				CLANG_CXX_LANGUAGE_STANDARD = "gnu++0x";
				CLANG_ENABLE_OBJC_ARC = YES;
				CLANG_WARN__DUPLICATE_METHOD_MATCH = YES;
				"CODE_SIGN_IDENTITY[sdk=iphoneos*]" = "iPhone Developer";
				COPY_PHASE_STRIP = NO;
				GCC_C_LANGUAGE_STANDARD = gnu99;
				GCC_DYNAMIC_NO_PIC = NO;
				GCC_OPTIMIZATION_LEVEL = 0;
				GCC_PREPROCESSOR_DEFINITIONS = (
					"DEBUG=1",
					"$(inherited)",
				);
				GCC_SYMBOLS_PRIVATE_EXTERN = NO;
				GCC_VERSION = com.apple.compilers.llvm.clang.1_0;
				GCC_WARN_ABOUT_RETURN_TYPE = YES;
				GCC_WARN_UNINITIALIZED_AUTOS = YES;
				GCC_WARN_UNUSED_VARIABLE = YES;
				IPHONEOS_DEPLOYMENT_TARGET = 5.1;
				SDKROOT = iphoneos;
			};
			name = Debug;
		};
		18D2A09D1C6071610017A8B7 /* Release */ = {
			isa = XCBuildConfiguration;
			buildSettings = {
				ALWAYS_SEARCH_USER_PATHS = NO;
				ARCHS = "$(ARCHS_STANDARD_32_BIT)";
				CLANG_CXX_LANGUAGE_STANDARD = "gnu++0x";
				CLANG_ENABLE_OBJC_ARC = YES;
				CLANG_WARN__DUPLICATE_METHOD_MATCH = YES;
				"CODE_SIGN_IDENTITY[sdk=iphoneos*]" = "iPhone Developer";
				COPY_PHASE_STRIP = YES;
				GCC_C_LANGUAGE_STANDARD = gnu99;
				GCC_VERSION = com.apple.compilers.llvm.clang.1_0;
				GCC_WARN_ABOUT_RETURN_TYPE = YES;
				GCC_WARN_UNINITIALIZED_AUTOS = YES;
				GCC_WARN_UNUSED_VARIABLE = YES;
				IPHONEOS_DEPLOYMENT_TARGET = 5.1;
				OTHER_CFLAGS = "-DNS_BLOCK_ASSERTIONS=1";
				SDKROOT = iphoneos;
				VALIDATE_PRODUCT = YES;
			};
			name = Release;
		};
		18D2A09F1C6071610017A8B7 /* Debug */ = {
			isa = XCBuildConfiguration;
			buildSettings = {
				GCC_PRECOMPILE_PREFIX_HEADER = YES;
				GCC_PREFIX_HEADER = "CompanyDeviceStore/CompanyDeviceStore-Prefix.pch";
				INFOPLIST_FILE = "CompanyDeviceStore/CompanyDeviceStore-Info.plist";
				IPHONEOS_DEPLOYMENT_TARGET = 6.0;
				PRODUCT_NAME = "$(TARGET_NAME)";
				WRAPPER_EXTENSION = app;
			};
			name = Debug;
		};
		18D2A0A01C6071610017A8B7 /* Release */ = {
			isa = XCBuildConfiguration;
			buildSettings = {
				GCC_PRECOMPILE_PREFIX_HEADER = YES;
				GCC_PREFIX_HEADER = "CompanyDeviceStore/CompanyDeviceStore-Prefix.pch";
				INFOPLIST_FILE = "CompanyDeviceStore/CompanyDeviceStore-Info.plist";
				IPHONEOS_DEPLOYMENT_TARGET = 6.0;
				PRODUCT_NAME = "$(TARGET_NAME)";
				WRAPPER_EXTENSION = app;
			};
			name = Release;
		};
/* End XCBuildConfiguration section */

/* Begin XCConfigurationList section */
		18D2A07B1C6071610017A8B7 /* Build configuration list for PBXProject "CompanyDeviceStore" */ = {
			isa = XCConfigurationList;
			buildConfigurations = (
				18D2A09C1C6071610017A8B7 /* Debug */,
				18D2A09D1C6071610017A8B7 /* Release */,
			);
			defaultConfigurationIsVisible = 0;
			defaultConfigurationName = Release;
		};
		18D2A09E1C6071610017A8B7 /* Build configuration list for PBXNativeTarget "CompanyDeviceStore" */ = {
			isa = XCConfigurationList;
			buildConfigurations = (
				18D2A09F1C6071610017A8B7 /* Debug */,
				18D2A0A01C6071610017A8B7 /* Release */,
			);
			defaultConfigurationIsVisible = 0;
			defaultConfigurationName = Release;
		};
/* End XCConfigurationList section */

/* Begin XCVersionGroup section */
		18D2A0991C6071610017A8B7 /* CompanyDeviceStore.xcdatamodeld */ = {
			isa = XCVersionGroup;
			children = (
				18D2A09A1C6071610017A8B7 /* CompanyDeviceStore.xcdatamodel */,
			);
			currentVersion = 18D2A09A1C6071610017A8B7 /* CompanyDeviceStore.xcdatamodel */;
			path = CompanyDeviceStore.xcdatamodeld;
			sourceTree = "<group>";
			versionGroupType = wrapper.xcdatamodel;
		};
/* End XCVersionGroup section */
	};
	rootObject = 18D2A0781C6071610017A8B7 /* Project object */;
}
